{
	"name": "veco",
	"requires": true,
	"lockfileVersion": 1,
	"dependencies": {
		"@types/escape-html": {
			"version": "0.0.20",
			"resolved": "https://registry.npmjs.org/@types/escape-html/-/escape-html-0.0.20.tgz",
			"integrity": "sha512-6dhZJLbA7aOwkYB2GDGdIqJ20wmHnkDzaxV9PJXe7O02I2dSFTERzRB6JrX6cWKaS+VqhhY7cQUMCbO5kloFUw==",
			"dev": true
		},
		"@types/klaw-sync": {
			"version": "6.0.0",
			"resolved": "https://registry.npmjs.org/@types/klaw-sync/-/klaw-sync-6.0.0.tgz",
			"integrity": "sha512-Ibfb2jgpjYUxnl7RSVvUzOrv/vhkTVKEfPwQf9ZlDDsSyWVDp/2JtTBxO4eRrKBYtxc3cZQabdR38i8R0o1uww==",
			"dev": true,
			"requires": {
				"@types/node": "*"
			}
		},
		"@types/mkdirp": {
			"version": "1.0.0",
			"resolved": "https://registry.npmjs.org/@types/mkdirp/-/mkdirp-1.0.0.tgz",
			"integrity": "sha512-ONFY9//bCEr3DWKON3iDv/Q8LXnhaYYaNDeFSN0AtO5o4sLf9F0pstJKKKjQhXE0kJEeHs8eR6SAsROhhc2Csw==",
			"dev": true,
			"requires": {
				"@types/node": "*"
			}
		},
		"@types/node": {
			"version": "13.7.6",
			"resolved": "https://registry.npmjs.org/@types/node/-/node-13.7.6.tgz",
			"integrity": "sha512-eyK7MWD0R1HqVTp+PtwRgFeIsemzuj4gBFSQxfPHY5iMjS7474e5wq+VFgTcdpyHeNxyKSaetYAjdMLJlKoWqA==",
			"dev": true
		},
		"anymatch": {
			"version": "3.1.1",
			"resolved": "https://registry.npmjs.org/anymatch/-/anymatch-3.1.1.tgz",
			"integrity": "sha512-mM8522psRCqzV+6LhomX5wgp25YVibjh8Wj23I5RPkPppSVSjyKD2A2mBJmWGa+KN7f2D6LNh9jkBCeyLktzjg==",
			"requires": {
				"normalize-path": "^3.0.0",
				"picomatch": "^2.0.4"
			}
		},
		"escape-html": {
			"version": "1.0.3",
			"resolved": "https://registry.npmjs.org/escape-html/-/escape-html-1.0.3.tgz",
			"integrity": "sha1-Aljq5NPQwJdN4cFpGI7wBR0dGYg="
		},
		"graceful-fs": {
			"version": "4.2.3",
			"resolved": "https://registry.npmjs.org/graceful-fs/-/graceful-fs-4.2.3.tgz",
			"integrity": "sha512-a30VEBm4PEdx1dRB7MFK7BejejvCvBronbLjht+sHuGYj8PHs7M/5Z+rt5lw551vZ7yfTCj4Vuyy3mSJytDWRQ=="
		},
		"klaw-sync": {
			"version": "6.0.0",
			"resolved": "https://registry.npmjs.org/klaw-sync/-/klaw-sync-6.0.0.tgz",
			"integrity": "sha512-nIeuVSzdCCs6TDPTqI8w1Yre34sSq7AkZ4B3sfOBbI2CgVSB4Du4aLQijFU2+lhAFCwt9+42Hel6lQNIv6AntQ==",
			"requires": {
				"graceful-fs": "^4.1.11"
			}
		},
		"mkdirp": {
			"version": "1.0.3",
			"resolved": "https://registry.npmjs.org/mkdirp/-/mkdirp-1.0.3.tgz",
			"integrity": "sha512-6uCP4Qc0sWsgMLy1EOqqS/3rjDHOEnsStVr/4vtAIK2Y5i2kA7lFFejYrpIyiN9w0pYf4ckeCYT9f1r1P9KX5g=="
		},
		"normalize-path": {
			"version": "3.0.0",
			"resolved": "https://registry.npmjs.org/normalize-path/-/normalize-path-3.0.0.tgz",
			"integrity": "sha512-6eZs5Ls3WtCisHWp9S2GUy8dqkpGi4BVSz3GaqiE6ezub0512ESztXUwUB6C6IKbQkY2Pnb/mD4WYojCRwcwLA=="
		},
		"picomatch": {
			"version": "2.2.1",
			"resolved": "https://registry.npmjs.org/picomatch/-/picomatch-2.2.1.tgz",
			"integrity": "sha512-ISBaA8xQNmwELC7eOjqFKMESB2VIqt4PPDD0nsS95b/9dZXvVKOlz9keMSnoGGKcOHXfTvDD6WMaRoSc9UuhRA=="
		},
		"typescript": {
			"version": "3.8.2",
			"resolved": "https://registry.npmjs.org/typescript/-/typescript-3.8.2.tgz",
			"integrity": "sha512-EgOVgL/4xfVrCMbhYKUQTdF37SQn4Iw73H5BgCrF1Abdun7Kwy/QZsE/ssAy0y4LxBbvua3PIbFsbRczWWnDdQ=="
		},
		"v8-compile-cache": {
			"version": "2.1.0",
			"resolved": "https://registry.npmjs.org/v8-compile-cache/-/v8-compile-cache-2.1.0.tgz",
			"integrity": "sha512-usZBT3PW+LOjM25wbqIlZwPeJV+3OSz3M1k1Ws8snlW39dZyYL9lOGC5FgPVHfk0jKmjiDV8Z0mIbVQPiwFs7g=="
		}
	}
}
